{
  "pins" : [
    {
      "identity" : "alamofire",
      "kind" : "remoteSourceControl",
      "location" : "https://github.com/Alamofire/Alamofire.git",
      "state" : {
        "revision" : "ce5be6fbc6f51414c49f56fc8e2b7c99253d9f8e",
        "version" : "4.9.0"
      }
    },
    {
      "identity" : "appauth-ios",
      "kind" : "remoteSourceControl",
      "location" : "https://github.com/openid/AppAuth-iOS.git",
      "state" : {
        "revision" : "3d36a58a2b736f7bc499453e996a704929b25080",
        "version" : "1.6.0"
      }
    },
    {
      "identity" : "radiogroup",
      "kind" : "remoteSourceControl",
      "location" : "https://github.com/yonat/RadioGroup",
      "state" : {
        "revision" : "c2ce6b275fbd8ef970f85349d03e7ea0615ed495",
        "version" : "1.4.4"
      }
    },
    {
      "identity" : "sqlite.swift",
      "kind" : "remoteSourceControl",
      "location" : "https://github.com/stephencelis/SQLite.swift.git",
      "state" : {
        "revision" : "4d543d811ee644fa4cc4bfa0be996b4dd6ba0f54",
        "version" : "0.13.3"
      }
    },
    {
      "identity" : "sqlitemigrationmanager.swift",
      "kind" : "remoteSourceControl",
      "location" : "https://github.com/garriguv/SQLiteMigrationManager.swift.git",
      "state" : {
        "revision" : "edd732911cde57d9674e364a4796af775c977c7d",
        "version" : "0.8.0"
      }
    },
    {
      "identity" : "sweeterswift",
      "kind" : "remoteSourceControl",
      "location" : "https://github.com/yonat/SweeterSwift",
      "state" : {
        "revision" : "74b3d19dc80158b2a87240d05894154a1ba7f2ef",
        "version" : "1.2.1"
      }
    },
    {
      "identity" : "wrappinghstack",
      "kind" : "remoteSourceControl",
      "location" : "https://github.com/dkk/WrappingHStack",
      "state" : {
        "revision" : "4ad53e116c4c0b526f265e3568c7cceec595699e",
        "version" : "2.2.0"
      }
    }
  ],
  "version" : 2
}
