{
  "object": {
    "pins": [
      {
        "package": "RadioGroup",
        "repositoryURL": "https://github.com/yonat/RadioGroup",
        "state": {
          "branch": null,
          "revision": "c2ce6b275fbd8ef970f85349d03e7ea0615ed495",
          "version": "1.4.4"
        }
      },
      {
        "package": "SweeterSwift",
        "repositoryURL": "https://github.com/yonat/SweeterSwift",
        "state": {
          "branch": null,
          "revision": "23997b3f33cc213a9fb15064c609bf29787c0653",
          "version": "1.2.0"
        }
      },
      {
        "package": "WrappingHStack",
        "repositoryURL": "https://github.com/dkk/WrappingHStack",
        "state": {
          "branch": null,
          "revision": "3cc84e786aa996da32f476d89dab4e02d30ce691",
          "version": "2.1.3"
        }
      }
    ]
  },
  "version": 1
}
