// !$*UTF8*$!
{
	archiveVersion = 1;
	classes = {
	};
	objectVersion = 55;
	objects = {

/* Begin PBXBuildFile section */
		22470ED9273CCFCC00697B0E /* TraitListView.swift in Sources */ = {isa = PBXBuildFile; fileRef = 22470ED8273CCFCC00697B0E /* TraitListView.swift */; };
		22470EDC273CD22C00697B0E /* BrAPITraitImportSheet.swift in Sources */ = {isa = PBXBuildFile; fileRef = 22470EDB273CD22C00697B0E /* BrAPITraitImportSheet.swift */; };
		225EBA1E2747685600528ED6 /* SettingsView.swift in Sources */ = {isa = PBXBuildFile; fileRef = 225EBA1C2747685600528ED6 /* SettingsView.swift */; };
		225EBA1F2747685600528ED6 /* CollectView.swift in Sources */ = {isa = PBXBuildFile; fileRef = 225EBA1D2747685600528ED6 /* CollectView.swift */; };
		225EBA2F27476A7200528ED6 /* DurationScale.swift in Sources */ = {isa = PBXBuildFile; fileRef = 225EBA2827476A7200528ED6 /* DurationScale.swift */; };
		225EBA3027476A7200528ED6 /* NumericalScale.swift in Sources */ = {isa = PBXBuildFile; fileRef = 225EBA2927476A7200528ED6 /* NumericalScale.swift */; };
		225EBA3127476A7200528ED6 /* CodeScale.swift in Sources */ = {isa = PBXBuildFile; fileRef = 225EBA2A27476A7200528ED6 /* CodeScale.swift */; };
		225EBA3227476A7200528ED6 /* TextScale.swift in Sources */ = {isa = PBXBuildFile; fileRef = 225EBA2B27476A7200528ED6 /* TextScale.swift */; };
		225EBA3327476A7200528ED6 /* OrdinalScale.swift in Sources */ = {isa = PBXBuildFile; fileRef = 225EBA2C27476A7200528ED6 /* OrdinalScale.swift */; };
		225EBA3427476A7200528ED6 /* NominalScale.swift in Sources */ = {isa = PBXBuildFile; fileRef = 225EBA2D27476A7200528ED6 /* NominalScale.swift */; };
		225EBA3527476A7200528ED6 /* DateScale.swift in Sources */ = {isa = PBXBuildFile; fileRef = 225EBA2E27476A7200528ED6 /* DateScale.swift */; };
		2268D5322735CDAA0088A202 /* fieldbook_iosApp.swift in Sources */ = {isa = PBXBuildFile; fileRef = 2268D5312735CDAA0088A202 /* fieldbook_iosApp.swift */; };
		2268D5342735CDAA0088A202 /* ContentView.swift in Sources */ = {isa = PBXBuildFile; fileRef = 2268D5332735CDAA0088A202 /* ContentView.swift */; };
		2268D5362735CDAA0088A202 /* Assets.xcassets in Resources */ = {isa = PBXBuildFile; fileRef = 2268D5352735CDAA0088A202 /* Assets.xcassets */; };
		2268D5392735CDAA0088A202 /* Preview Assets.xcassets in Resources */ = {isa = PBXBuildFile; fileRef = 2268D5382735CDAA0088A202 /* Preview Assets.xcassets */; };
		2268D5432735CDAA0088A202 /* fieldbook_iosTests.swift in Sources */ = {isa = PBXBuildFile; fileRef = 2268D5422735CDAA0088A202 /* fieldbook_iosTests.swift */; };
		2268D54D2735CDAA0088A202 /* fieldbook_iosUITests.swift in Sources */ = {isa = PBXBuildFile; fileRef = 2268D54C2735CDAA0088A202 /* fieldbook_iosUITests.swift */; };
		2268D54F2735CDAA0088A202 /* fieldbook_iosUITestsLaunchTests.swift in Sources */ = {isa = PBXBuildFile; fileRef = 2268D54E2735CDAA0088A202 /* fieldbook_iosUITestsLaunchTests.swift */; };
		2297352C2735DAAA007D8104 /* Alamofire in Frameworks */ = {isa = PBXBuildFile; productRef = 2297352B2735DAAA007D8104 /* Alamofire */; };
		2297352F27361B5F007D8104 /* HomeScreen.swift in Sources */ = {isa = PBXBuildFile; fileRef = 2297352E27361B5F007D8104 /* HomeScreen.swift */; };
		2297353127364D31007D8104 /* AppColors.swift in Sources */ = {isa = PBXBuildFile; fileRef = 2297353027364D31007D8104 /* AppColors.swift */; };
		229735352736AE6E007D8104 /* FieldListView.swift in Sources */ = {isa = PBXBuildFile; fileRef = 229735342736AE6E007D8104 /* FieldListView.swift */; };
		22973537273B179E007D8104 /* HomeScreenWidget.swift in Sources */ = {isa = PBXBuildFile; fileRef = 22973536273B179E007D8104 /* HomeScreenWidget.swift */; };
		22C8663F27476AC7001CB8B6 /* WrappingHStack in Frameworks */ = {isa = PBXBuildFile; productRef = 22C8663E27476AC7001CB8B6 /* WrappingHStack */; };
		22C8664327476B28001CB8B6 /* BrapiStudyImportSheet.swift in Sources */ = {isa = PBXBuildFile; fileRef = 22C8664027476B27001CB8B6 /* BrapiStudyImportSheet.swift */; };
		22C8664427476B28001CB8B6 /* CreateFieldSheet.swift in Sources */ = {isa = PBXBuildFile; fileRef = 22C8664127476B27001CB8B6 /* CreateFieldSheet.swift */; };
		22C8664527476B28001CB8B6 /* FileImportSheet.swift in Sources */ = {isa = PBXBuildFile; fileRef = 22C8664227476B28001CB8B6 /* FileImportSheet.swift */; };
/* End PBXBuildFile section */

/* Begin PBXContainerItemProxy section */
		2268D53F2735CDAA0088A202 /* PBXContainerItemProxy */ = {
			isa = PBXContainerItemProxy;
			containerPortal = 2268D5262735CDAA0088A202 /* Project object */;
			proxyType = 1;
			remoteGlobalIDString = 2268D52D2735CDAA0088A202;
			remoteInfo = "fieldbook-ios";
		};
		2268D5492735CDAA0088A202 /* PBXContainerItemProxy */ = {
			isa = PBXContainerItemProxy;
			containerPortal = 2268D5262735CDAA0088A202 /* Project object */;
			proxyType = 1;
			remoteGlobalIDString = 2268D52D2735CDAA0088A202;
			remoteInfo = "fieldbook-ios";
		};
/* End PBXContainerItemProxy section */

/* Begin PBXFileReference section */
		22470ED8273CCFCC00697B0E /* TraitListView.swift */ = {isa = PBXFileReference; lastKnownFileType = sourcecode.swift; path = TraitListView.swift; sourceTree = "<group>"; };
		22470EDB273CD22C00697B0E /* BrAPITraitImportSheet.swift */ = {isa = PBXFileReference; lastKnownFileType = sourcecode.swift; path = BrAPITraitImportSheet.swift; sourceTree = "<group>"; };
		225EBA1C2747685600528ED6 /* SettingsView.swift */ = {isa = PBXFileReference; fileEncoding = 4; lastKnownFileType = sourcecode.swift; path = SettingsView.swift; sourceTree = "<group>"; };
		225EBA1D2747685600528ED6 /* CollectView.swift */ = {isa = PBXFileReference; fileEncoding = 4; lastKnownFileType = sourcecode.swift; path = CollectView.swift; sourceTree = "<group>"; };
		225EBA2827476A7200528ED6 /* DurationScale.swift */ = {isa = PBXFileReference; fileEncoding = 4; lastKnownFileType = sourcecode.swift; path = DurationScale.swift; sourceTree = "<group>"; };
		225EBA2927476A7200528ED6 /* NumericalScale.swift */ = {isa = PBXFileReference; fileEncoding = 4; lastKnownFileType = sourcecode.swift; path = NumericalScale.swift; sourceTree = "<group>"; };
		225EBA2A27476A7200528ED6 /* CodeScale.swift */ = {isa = PBXFileReference; fileEncoding = 4; lastKnownFileType = sourcecode.swift; path = CodeScale.swift; sourceTree = "<group>"; };
		225EBA2B27476A7200528ED6 /* TextScale.swift */ = {isa = PBXFileReference; fileEncoding = 4; lastKnownFileType = sourcecode.swift; path = TextScale.swift; sourceTree = "<group>"; };
		225EBA2C27476A7200528ED6 /* OrdinalScale.swift */ = {isa = PBXFileReference; fileEncoding = 4; lastKnownFileType = sourcecode.swift; path = OrdinalScale.swift; sourceTree = "<group>"; };
		225EBA2D27476A7200528ED6 /* NominalScale.swift */ = {isa = PBXFileReference; fileEncoding = 4; lastKnownFileType = sourcecode.swift; path = NominalScale.swift; sourceTree = "<group>"; };
		225EBA2E27476A7200528ED6 /* DateScale.swift */ = {isa = PBXFileReference; fileEncoding = 4; lastKnownFileType = sourcecode.swift; path = DateScale.swift; sourceTree = "<group>"; };
		2268D52E2735CDAA0088A202 /* fieldbook-ios.app */ = {isa = PBXFileReference; explicitFileType = wrapper.application; includeInIndex = 0; path = "fieldbook-ios.app"; sourceTree = BUILT_PRODUCTS_DIR; };
		2268D5312735CDAA0088A202 /* fieldbook_iosApp.swift */ = {isa = PBXFileReference; lastKnownFileType = sourcecode.swift; path = fieldbook_iosApp.swift; sourceTree = "<group>"; };
		2268D5332735CDAA0088A202 /* ContentView.swift */ = {isa = PBXFileReference; lastKnownFileType = sourcecode.swift; path = ContentView.swift; sourceTree = "<group>"; };
		2268D5352735CDAA0088A202 /* Assets.xcassets */ = {isa = PBXFileReference; lastKnownFileType = folder.assetcatalog; path = Assets.xcassets; sourceTree = "<group>"; };
		2268D5382735CDAA0088A202 /* Preview Assets.xcassets */ = {isa = PBXFileReference; lastKnownFileType = folder.assetcatalog; path = "Preview Assets.xcassets"; sourceTree = "<group>"; };
		2268D53E2735CDAA0088A202 /* fieldbook-iosTests.xctest */ = {isa = PBXFileReference; explicitFileType = wrapper.cfbundle; includeInIndex = 0; path = "fieldbook-iosTests.xctest"; sourceTree = BUILT_PRODUCTS_DIR; };
		2268D5422735CDAA0088A202 /* fieldbook_iosTests.swift */ = {isa = PBXFileReference; lastKnownFileType = sourcecode.swift; path = fieldbook_iosTests.swift; sourceTree = "<group>"; };
		2268D5482735CDAA0088A202 /* fieldbook-iosUITests.xctest */ = {isa = PBXFileReference; explicitFileType = wrapper.cfbundle; includeInIndex = 0; path = "fieldbook-iosUITests.xctest"; sourceTree = BUILT_PRODUCTS_DIR; };
		2268D54C2735CDAA0088A202 /* fieldbook_iosUITests.swift */ = {isa = PBXFileReference; lastKnownFileType = sourcecode.swift; path = fieldbook_iosUITests.swift; sourceTree = "<group>"; };
		2268D54E2735CDAA0088A202 /* fieldbook_iosUITestsLaunchTests.swift */ = {isa = PBXFileReference; lastKnownFileType = sourcecode.swift; path = fieldbook_iosUITestsLaunchTests.swift; sourceTree = "<group>"; };
		2297352E27361B5F007D8104 /* HomeScreen.swift */ = {isa = PBXFileReference; lastKnownFileType = sourcecode.swift; path = HomeScreen.swift; sourceTree = "<group>"; };
		2297353027364D31007D8104 /* AppColors.swift */ = {isa = PBXFileReference; lastKnownFileType = sourcecode.swift; path = AppColors.swift; sourceTree = "<group>"; };
		229735342736AE6E007D8104 /* FieldListView.swift */ = {isa = PBXFileReference; lastKnownFileType = sourcecode.swift; path = FieldListView.swift; sourceTree = "<group>"; };
		22973536273B179E007D8104 /* HomeScreenWidget.swift */ = {isa = PBXFileReference; lastKnownFileType = sourcecode.swift; path = HomeScreenWidget.swift; sourceTree = "<group>"; };
		22C8664027476B27001CB8B6 /* BrapiStudyImportSheet.swift */ = {isa = PBXFileReference; fileEncoding = 4; lastKnownFileType = sourcecode.swift; path = BrapiStudyImportSheet.swift; sourceTree = "<group>"; };
		22C8664127476B27001CB8B6 /* CreateFieldSheet.swift */ = {isa = PBXFileReference; fileEncoding = 4; lastKnownFileType = sourcecode.swift; path = CreateFieldSheet.swift; sourceTree = "<group>"; };
		22C8664227476B28001CB8B6 /* FileImportSheet.swift */ = {isa = PBXFileReference; fileEncoding = 4; lastKnownFileType = sourcecode.swift; path = FileImportSheet.swift; sourceTree = "<group>"; };
/* End PBXFileReference section */

/* Begin PBXFrameworksBuildPhase section */
		2268D52B2735CDAA0088A202 /* Frameworks */ = {
			isa = PBXFrameworksBuildPhase;
			buildActionMask = 2147483647;
			files = (
				22C8663F27476AC7001CB8B6 /* WrappingHStack in Frameworks */,
				2297352C2735DAAA007D8104 /* Alamofire in Frameworks */,
			);
			runOnlyForDeploymentPostprocessing = 0;
		};
		2268D53B2735CDAA0088A202 /* Frameworks */ = {
			isa = PBXFrameworksBuildPhase;
			buildActionMask = 2147483647;
			files = (
			);
			runOnlyForDeploymentPostprocessing = 0;
		};
		2268D5452735CDAA0088A202 /* Frameworks */ = {
			isa = PBXFrameworksBuildPhase;
			buildActionMask = 2147483647;
			files = (
			);
			runOnlyForDeploymentPostprocessing = 0;
		};
/* End PBXFrameworksBuildPhase section */

/* Begin PBXGroup section */
		22470ED1273C49EC00697B0E /* Fields */ = {
			isa = PBXGroup;
			children = (
				22C8664027476B27001CB8B6 /* BrapiStudyImportSheet.swift */,
				22C8664127476B27001CB8B6 /* CreateFieldSheet.swift */,
				22C8664227476B28001CB8B6 /* FileImportSheet.swift */,
			);
			path = Fields;
			sourceTree = "<group>";
		};
		22470EDA273CD21D00697B0E /* Traits */ = {
			isa = PBXGroup;
			children = (
				22470EDB273CD22C00697B0E /* BrAPITraitImportSheet.swift */,
			);
			path = Traits;
			sourceTree = "<group>";
		};
		225EBA2727476A4600528ED6 /* Scales */ = {
			isa = PBXGroup;
			children = (
				225EBA2A27476A7200528ED6 /* CodeScale.swift */,
				225EBA2E27476A7200528ED6 /* DateScale.swift */,
				225EBA2827476A7200528ED6 /* DurationScale.swift */,
				225EBA2D27476A7200528ED6 /* NominalScale.swift */,
				225EBA2927476A7200528ED6 /* NumericalScale.swift */,
				225EBA2C27476A7200528ED6 /* OrdinalScale.swift */,
				225EBA2B27476A7200528ED6 /* TextScale.swift */,
			);
			path = Scales;
			sourceTree = "<group>";
		};
		2268D5252735CDAA0088A202 = {
			isa = PBXGroup;
			children = (
				2268D5302735CDAA0088A202 /* fieldbook-ios */,
				2268D5412735CDAA0088A202 /* fieldbook-iosTests */,
				2268D54B2735CDAA0088A202 /* fieldbook-iosUITests */,
				2268D52F2735CDAA0088A202 /* Products */,
			);
			sourceTree = "<group>";
		};
		2268D52F2735CDAA0088A202 /* Products */ = {
			isa = PBXGroup;
			children = (
				2268D52E2735CDAA0088A202 /* fieldbook-ios.app */,
				2268D53E2735CDAA0088A202 /* fieldbook-iosTests.xctest */,
				2268D5482735CDAA0088A202 /* fieldbook-iosUITests.xctest */,
			);
			name = Products;
			sourceTree = "<group>";
		};
		2268D5302735CDAA0088A202 /* fieldbook-ios */ = {
			isa = PBXGroup;
			children = (
				2268D5312735CDAA0088A202 /* fieldbook_iosApp.swift */,
				2268D5332735CDAA0088A202 /* ContentView.swift */,
				2297352D2735DD59007D8104 /* Views */,
				2268D5352735CDAA0088A202 /* Assets.xcassets */,
				2268D5372735CDAA0088A202 /* Preview Content */,
				2297353027364D31007D8104 /* AppColors.swift */,
			);
			path = "fieldbook-ios";
			sourceTree = "<group>";
		};
		2268D5372735CDAA0088A202 /* Preview Content */ = {
			isa = PBXGroup;
			children = (
				2268D5382735CDAA0088A202 /* Preview Assets.xcassets */,
			);
			path = "Preview Content";
			sourceTree = "<group>";
		};
		2268D5412735CDAA0088A202 /* fieldbook-iosTests */ = {
			isa = PBXGroup;
			children = (
				2268D5422735CDAA0088A202 /* fieldbook_iosTests.swift */,
			);
			path = "fieldbook-iosTests";
			sourceTree = "<group>";
		};
		2268D54B2735CDAA0088A202 /* fieldbook-iosUITests */ = {
			isa = PBXGroup;
			children = (
				2268D54C2735CDAA0088A202 /* fieldbook_iosUITests.swift */,
				2268D54E2735CDAA0088A202 /* fieldbook_iosUITestsLaunchTests.swift */,
			);
			path = "fieldbook-iosUITests";
			sourceTree = "<group>";
		};
		2297352D2735DD59007D8104 /* Views */ = {
			isa = PBXGroup;
			children = (
				229735332736AE5D007D8104 /* Activities */,
				229735322736AE4D007D8104 /* Components */,
			);
			path = Views;
			sourceTree = "<group>";
		};
		229735322736AE4D007D8104 /* Components */ = {
			isa = PBXGroup;
			children = (
				225EBA2727476A4600528ED6 /* Scales */,
				22470EDA273CD21D00697B0E /* Traits */,
				22470ED1273C49EC00697B0E /* Fields */,
				2297352E27361B5F007D8104 /* HomeScreen.swift */,
				22973536273B179E007D8104 /* HomeScreenWidget.swift */,
			);
			path = Components;
			sourceTree = "<group>";
		};
		229735332736AE5D007D8104 /* Activities */ = {
			isa = PBXGroup;
			children = (
				225EBA1D2747685600528ED6 /* CollectView.swift */,
				225EBA1C2747685600528ED6 /* SettingsView.swift */,
				229735342736AE6E007D8104 /* FieldListView.swift */,
				22470ED8273CCFCC00697B0E /* TraitListView.swift */,
			);
			path = Activities;
			sourceTree = "<group>";
		};
/* End PBXGroup section */

/* Begin PBXNativeTarget section */
		2268D52D2735CDAA0088A202 /* fieldbook-ios */ = {
			isa = PBXNativeTarget;
			buildConfigurationList = 2268D5522735CDAB0088A202 /* Build configuration list for PBXNativeTarget "fieldbook-ios" */;
			buildPhases = (
				2268D52A2735CDAA0088A202 /* Sources */,
				2268D52B2735CDAA0088A202 /* Frameworks */,
				2268D52C2735CDAA0088A202 /* Resources */,
			);
			buildRules = (
			);
			dependencies = (
			);
			name = "fieldbook-ios";
			packageProductDependencies = (
				2297352B2735DAAA007D8104 /* Alamofire */,
				22C8663E27476AC7001CB8B6 /* WrappingHStack */,
			);
			productName = "fieldbook-ios";
			productReference = 2268D52E2735CDAA0088A202 /* fieldbook-ios.app */;
			productType = "com.apple.product-type.application";
		};
		2268D53D2735CDAA0088A202 /* fieldbook-iosTests */ = {
			isa = PBXNativeTarget;
			buildConfigurationList = 2268D5552735CDAB0088A202 /* Build configuration list for PBXNativeTarget "fieldbook-iosTests" */;
			buildPhases = (
				2268D53A2735CDAA0088A202 /* Sources */,
				2268D53B2735CDAA0088A202 /* Frameworks */,
				2268D53C2735CDAA0088A202 /* Resources */,
			);
			buildRules = (
			);
			dependencies = (
				2268D5402735CDAA0088A202 /* PBXTargetDependency */,
			);
			name = "fieldbook-iosTests";
			productName = "fieldbook-iosTests";
			productReference = 2268D53E2735CDAA0088A202 /* fieldbook-iosTests.xctest */;
			productType = "com.apple.product-type.bundle.unit-test";
		};
		2268D5472735CDAA0088A202 /* fieldbook-iosUITests */ = {
			isa = PBXNativeTarget;
			buildConfigurationList = 2268D5582735CDAB0088A202 /* Build configuration list for PBXNativeTarget "fieldbook-iosUITests" */;
			buildPhases = (
				2268D5442735CDAA0088A202 /* Sources */,
				2268D5452735CDAA0088A202 /* Frameworks */,
				2268D5462735CDAA0088A202 /* Resources */,
			);
			buildRules = (
			);
			dependencies = (
				2268D54A2735CDAA0088A202 /* PBXTargetDependency */,
			);
			name = "fieldbook-iosUITests";
			productName = "fieldbook-iosUITests";
			productReference = 2268D5482735CDAA0088A202 /* fieldbook-iosUITests.xctest */;
			productType = "com.apple.product-type.bundle.ui-testing";
		};
/* End PBXNativeTarget section */

/* Begin PBXProject section */
		2268D5262735CDAA0088A202 /* Project object */ = {
			isa = PBXProject;
			attributes = {
				BuildIndependentTargetsInParallel = 1;
				LastSwiftUpdateCheck = 1310;
				LastUpgradeCheck = 1310;
				TargetAttributes = {
					2268D52D2735CDAA0088A202 = {
						CreatedOnToolsVersion = 13.1;
					};
					2268D53D2735CDAA0088A202 = {
						CreatedOnToolsVersion = 13.1;
						TestTargetID = 2268D52D2735CDAA0088A202;
					};
					2268D5472735CDAA0088A202 = {
						CreatedOnToolsVersion = 13.1;
						TestTargetID = 2268D52D2735CDAA0088A202;
					};
				};
			};
			buildConfigurationList = 2268D5292735CDAA0088A202 /* Build configuration list for PBXProject "fieldbook-ios" */;
			compatibilityVersion = "Xcode 13.0";
			developmentRegion = en;
			hasScannedForEncodings = 0;
			knownRegions = (
				en,
				Base,
			);
			mainGroup = 2268D5252735CDAA0088A202;
			packageReferences = (
				2297352A2735DAAA007D8104 /* XCRemoteSwiftPackageReference "Alamofire" */,
				22C8663D27476AC7001CB8B6 /* XCRemoteSwiftPackageReference "WrappingHStack" */,
			);
			productRefGroup = 2268D52F2735CDAA0088A202 /* Products */;
			projectDirPath = "";
			projectRoot = "";
			targets = (
				2268D52D2735CDAA0088A202 /* fieldbook-ios */,
				2268D53D2735CDAA0088A202 /* fieldbook-iosTests */,
				2268D5472735CDAA0088A202 /* fieldbook-iosUITests */,
			);
		};
/* End PBXProject section */

/* Begin PBXResourcesBuildPhase section */
		2268D52C2735CDAA0088A202 /* Resources */ = {
			isa = PBXResourcesBuildPhase;
			buildActionMask = 2147483647;
			files = (
				2268D5392735CDAA0088A202 /* Preview Assets.xcassets in Resources */,
				2268D5362735CDAA0088A202 /* Assets.xcassets in Resources */,
			);
			runOnlyForDeploymentPostprocessing = 0;
		};
		2268D53C2735CDAA0088A202 /* Resources */ = {
			isa = PBXResourcesBuildPhase;
			buildActionMask = 2147483647;
			files = (
			);
			runOnlyForDeploymentPostprocessing = 0;
		};
		2268D5462735CDAA0088A202 /* Resources */ = {
			isa = PBXResourcesBuildPhase;
			buildActionMask = 2147483647;
			files = (
			);
			runOnlyForDeploymentPostprocessing = 0;
		};
/* End PBXResourcesBuildPhase section */

/* Begin PBXSourcesBuildPhase section */
		2268D52A2735CDAA0088A202 /* Sources */ = {
			isa = PBXSourcesBuildPhase;
			buildActionMask = 2147483647;
			files = (
				22973537273B179E007D8104 /* HomeScreenWidget.swift in Sources */,
				229735352736AE6E007D8104 /* FieldListView.swift in Sources */,
				225EBA3127476A7200528ED6 /* CodeScale.swift in Sources */,
				225EBA3427476A7200528ED6 /* NominalScale.swift in Sources */,
				2297352F27361B5F007D8104 /* HomeScreen.swift in Sources */,
				225EBA3527476A7200528ED6 /* DateScale.swift in Sources */,
				225EBA3027476A7200528ED6 /* NumericalScale.swift in Sources */,
				225EBA3227476A7200528ED6 /* TextScale.swift in Sources */,
				22C8664527476B28001CB8B6 /* FileImportSheet.swift in Sources */,
				22470ED9273CCFCC00697B0E /* TraitListView.swift in Sources */,
				225EBA1F2747685600528ED6 /* CollectView.swift in Sources */,
				2297353127364D31007D8104 /* AppColors.swift in Sources */,
				2268D5342735CDAA0088A202 /* ContentView.swift in Sources */,
				225EBA3327476A7200528ED6 /* OrdinalScale.swift in Sources */,
				225EBA1E2747685600528ED6 /* SettingsView.swift in Sources */,
				22470EDC273CD22C00697B0E /* BrAPITraitImportSheet.swift in Sources */,
				2268D5322735CDAA0088A202 /* fieldbook_iosApp.swift in Sources */,
				225EBA2F27476A7200528ED6 /* DurationScale.swift in Sources */,
				22C8664327476B28001CB8B6 /* BrapiStudyImportSheet.swift in Sources */,
				22C8664427476B28001CB8B6 /* CreateFieldSheet.swift in Sources */,
			);
			runOnlyForDeploymentPostprocessing = 0;
		};
		2268D53A2735CDAA0088A202 /* Sources */ = {
			isa = PBXSourcesBuildPhase;
			buildActionMask = 2147483647;
			files = (
				2268D5432735CDAA0088A202 /* fieldbook_iosTests.swift in Sources */,
			);
			runOnlyForDeploymentPostprocessing = 0;
		};
		2268D5442735CDAA0088A202 /* Sources */ = {
			isa = PBXSourcesBuildPhase;
			buildActionMask = 2147483647;
			files = (
				2268D54F2735CDAA0088A202 /* fieldbook_iosUITestsLaunchTests.swift in Sources */,
				2268D54D2735CDAA0088A202 /* fieldbook_iosUITests.swift in Sources */,
			);
			runOnlyForDeploymentPostprocessing = 0;
		};
/* End PBXSourcesBuildPhase section */

/* Begin PBXTargetDependency section */
		2268D5402735CDAA0088A202 /* PBXTargetDependency */ = {
			isa = PBXTargetDependency;
			target = 2268D52D2735CDAA0088A202 /* fieldbook-ios */;
			targetProxy = 2268D53F2735CDAA0088A202 /* PBXContainerItemProxy */;
		};
		2268D54A2735CDAA0088A202 /* PBXTargetDependency */ = {
			isa = PBXTargetDependency;
			target = 2268D52D2735CDAA0088A202 /* fieldbook-ios */;
			targetProxy = 2268D5492735CDAA0088A202 /* PBXContainerItemProxy */;
		};
/* End PBXTargetDependency section */

/* Begin XCBuildConfiguration section */
		2268D5502735CDAB0088A202 /* Debug */ = {
			isa = XCBuildConfiguration;
			buildSettings = {
				ALWAYS_SEARCH_USER_PATHS = NO;
				CLANG_ANALYZER_NONNULL = YES;
				CLANG_ANALYZER_NUMBER_OBJECT_CONVERSION = YES_AGGRESSIVE;
				CLANG_CXX_LANGUAGE_STANDARD = "gnu++17";
				CLANG_CXX_LIBRARY = "libc++";
				CLANG_ENABLE_MODULES = YES;
				CLANG_ENABLE_OBJC_ARC = YES;
				CLANG_ENABLE_OBJC_WEAK = YES;
				CLANG_WARN_BLOCK_CAPTURE_AUTORELEASING = YES;
				CLANG_WARN_BOOL_CONVERSION = YES;
				CLANG_WARN_COMMA = YES;
				CLANG_WARN_CONSTANT_CONVERSION = YES;
				CLANG_WARN_DEPRECATED_OBJC_IMPLEMENTATIONS = YES;
				CLANG_WARN_DIRECT_OBJC_ISA_USAGE = YES_ERROR;
				CLANG_WARN_DOCUMENTATION_COMMENTS = YES;
				CLANG_WARN_EMPTY_BODY = YES;
				CLANG_WARN_ENUM_CONVERSION = YES;
				CLANG_WARN_INFINITE_RECURSION = YES;
				CLANG_WARN_INT_CONVERSION = YES;
				CLANG_WARN_NON_LITERAL_NULL_CONVERSION = YES;
				CLANG_WARN_OBJC_IMPLICIT_RETAIN_SELF = YES;
				CLANG_WARN_OBJC_LITERAL_CONVERSION = YES;
				CLANG_WARN_OBJC_ROOT_CLASS = YES_ERROR;
				CLANG_WARN_QUOTED_INCLUDE_IN_FRAMEWORK_HEADER = YES;
				CLANG_WARN_RANGE_LOOP_ANALYSIS = YES;
				CLANG_WARN_STRICT_PROTOTYPES = YES;
				CLANG_WARN_SUSPICIOUS_MOVE = YES;
				CLANG_WARN_UNGUARDED_AVAILABILITY = YES_AGGRESSIVE;
				CLANG_WARN_UNREACHABLE_CODE = YES;
				CLANG_WARN__DUPLICATE_METHOD_MATCH = YES;
				COPY_PHASE_STRIP = NO;
				DEBUG_INFORMATION_FORMAT = dwarf;
				ENABLE_STRICT_OBJC_MSGSEND = YES;
				ENABLE_TESTABILITY = YES;
				GCC_C_LANGUAGE_STANDARD = gnu11;
				GCC_DYNAMIC_NO_PIC = NO;
				GCC_NO_COMMON_BLOCKS = YES;
				GCC_OPTIMIZATION_LEVEL = 0;
				GCC_PREPROCESSOR_DEFINITIONS = (
					"DEBUG=1",
					"$(inherited)",
				);
				GCC_WARN_64_TO_32_BIT_CONVERSION = YES;
				GCC_WARN_ABOUT_RETURN_TYPE = YES_ERROR;
				GCC_WARN_UNDECLARED_SELECTOR = YES;
				GCC_WARN_UNINITIALIZED_AUTOS = YES_AGGRESSIVE;
				GCC_WARN_UNUSED_FUNCTION = YES;
				GCC_WARN_UNUSED_VARIABLE = YES;
				IPHONEOS_DEPLOYMENT_TARGET = 15.0;
				MTL_ENABLE_DEBUG_INFO = INCLUDE_SOURCE;
				MTL_FAST_MATH = YES;
				ONLY_ACTIVE_ARCH = YES;
				SDKROOT = iphoneos;
				SWIFT_ACTIVE_COMPILATION_CONDITIONS = DEBUG;
				SWIFT_OPTIMIZATION_LEVEL = "-Onone";
			};
			name = Debug;
		};
		2268D5512735CDAB0088A202 /* Release */ = {
			isa = XCBuildConfiguration;
			buildSettings = {
				ALWAYS_SEARCH_USER_PATHS = NO;
				CLANG_ANALYZER_NONNULL = YES;
				CLANG_ANALYZER_NUMBER_OBJECT_CONVERSION = YES_AGGRESSIVE;
				CLANG_CXX_LANGUAGE_STANDARD = "gnu++17";
				CLANG_CXX_LIBRARY = "libc++";
				CLANG_ENABLE_MODULES = YES;
				CLANG_ENABLE_OBJC_ARC = YES;
				CLANG_ENABLE_OBJC_WEAK = YES;
				CLANG_WARN_BLOCK_CAPTURE_AUTORELEASING = YES;
				CLANG_WARN_BOOL_CONVERSION = YES;
				CLANG_WARN_COMMA = YES;
				CLANG_WARN_CONSTANT_CONVERSION = YES;
				CLANG_WARN_DEPRECATED_OBJC_IMPLEMENTATIONS = YES;
				CLANG_WARN_DIRECT_OBJC_ISA_USAGE = YES_ERROR;
				CLANG_WARN_DOCUMENTATION_COMMENTS = YES;
				CLANG_WARN_EMPTY_BODY = YES;
				CLANG_WARN_ENUM_CONVERSION = YES;
				CLANG_WARN_INFINITE_RECURSION = YES;
				CLANG_WARN_INT_CONVERSION = YES;
				CLANG_WARN_NON_LITERAL_NULL_CONVERSION = YES;
				CLANG_WARN_OBJC_IMPLICIT_RETAIN_SELF = YES;
				CLANG_WARN_OBJC_LITERAL_CONVERSION = YES;
				CLANG_WARN_OBJC_ROOT_CLASS = YES_ERROR;
				CLANG_WARN_QUOTED_INCLUDE_IN_FRAMEWORK_HEADER = YES;
				CLANG_WARN_RANGE_LOOP_ANALYSIS = YES;
				CLANG_WARN_STRICT_PROTOTYPES = YES;
				CLANG_WARN_SUSPICIOUS_MOVE = YES;
				CLANG_WARN_UNGUARDED_AVAILABILITY = YES_AGGRESSIVE;
				CLANG_WARN_UNREACHABLE_CODE = YES;
				CLANG_WARN__DUPLICATE_METHOD_MATCH = YES;
				COPY_PHASE_STRIP = NO;
				DEBUG_INFORMATION_FORMAT = "dwarf-with-dsym";
				ENABLE_NS_ASSERTIONS = NO;
				ENABLE_STRICT_OBJC_MSGSEND = YES;
				GCC_C_LANGUAGE_STANDARD = gnu11;
				GCC_NO_COMMON_BLOCKS = YES;
				GCC_WARN_64_TO_32_BIT_CONVERSION = YES;
				GCC_WARN_ABOUT_RETURN_TYPE = YES_ERROR;
				GCC_WARN_UNDECLARED_SELECTOR = YES;
				GCC_WARN_UNINITIALIZED_AUTOS = YES_AGGRESSIVE;
				GCC_WARN_UNUSED_FUNCTION = YES;
				GCC_WARN_UNUSED_VARIABLE = YES;
				IPHONEOS_DEPLOYMENT_TARGET = 15.0;
				MTL_ENABLE_DEBUG_INFO = NO;
				MTL_FAST_MATH = YES;
				SDKROOT = iphoneos;
				SWIFT_COMPILATION_MODE = wholemodule;
				SWIFT_OPTIMIZATION_LEVEL = "-O";
				VALIDATE_PRODUCT = YES;
			};
			name = Release;
		};
		2268D5532735CDAB0088A202 /* Debug */ = {
			isa = XCBuildConfiguration;
			buildSettings = {
				ASSETCATALOG_COMPILER_APPICON_NAME = AppIcon;
				ASSETCATALOG_COMPILER_GLOBAL_ACCENT_COLOR_NAME = AccentColor;
				CODE_SIGN_STYLE = Automatic;
				CURRENT_PROJECT_VERSION = 1;
				DEVELOPMENT_ASSET_PATHS = "\"fieldbook-ios/Preview Content\"";
				ENABLE_PREVIEWS = YES;
				GENERATE_INFOPLIST_FILE = YES;
				INFOPLIST_KEY_UIApplicationSceneManifest_Generation = YES;
				INFOPLIST_KEY_UIApplicationSupportsIndirectInputEvents = YES;
				INFOPLIST_KEY_UILaunchScreen_Generation = YES;
				INFOPLIST_KEY_UISupportedInterfaceOrientations_iPad = "UIInterfaceOrientationPortrait UIInterfaceOrientationPortraitUpsideDown UIInterfaceOrientationLandscapeLeft UIInterfaceOrientationLandscapeRight";
				INFOPLIST_KEY_UISupportedInterfaceOrientations_iPhone = "UIInterfaceOrientationPortrait UIInterfaceOrientationLandscapeLeft UIInterfaceOrientationLandscapeRight";
				LD_RUNPATH_SEARCH_PATHS = (
					"$(inherited)",
					"@executable_path/Frameworks",
				);
				MARKETING_VERSION = 1.0;
				PRODUCT_BUNDLE_IDENTIFIER = "org.phenoapps.fieldbook-ios";
				PRODUCT_NAME = "$(TARGET_NAME)";
				SWIFT_EMIT_LOC_STRINGS = YES;
				SWIFT_VERSION = 5.0;
				TARGETED_DEVICE_FAMILY = "1,2";
			};
			name = Debug;
		};
		2268D5542735CDAB0088A202 /* Release */ = {
			isa = XCBuildConfiguration;
			buildSettings = {
				ASSETCATALOG_COMPILER_APPICON_NAME = AppIcon;
				ASSETCATALOG_COMPILER_GLOBAL_ACCENT_COLOR_NAME = AccentColor;
				CODE_SIGN_STYLE = Automatic;
				CURRENT_PROJECT_VERSION = 1;
				DEVELOPMENT_ASSET_PATHS = "\"fieldbook-ios/Preview Content\"";
				ENABLE_PREVIEWS = YES;
				GENERATE_INFOPLIST_FILE = YES;
				INFOPLIST_KEY_UIApplicationSceneManifest_Generation = YES;
				INFOPLIST_KEY_UIApplicationSupportsIndirectInputEvents = YES;
				INFOPLIST_KEY_UILaunchScreen_Generation = YES;
				INFOPLIST_KEY_UISupportedInterfaceOrientations_iPad = "UIInterfaceOrientationPortrait UIInterfaceOrientationPortraitUpsideDown UIInterfaceOrientationLandscapeLeft UIInterfaceOrientationLandscapeRight";
				INFOPLIST_KEY_UISupportedInterfaceOrientations_iPhone = "UIInterfaceOrientationPortrait UIInterfaceOrientationLandscapeLeft UIInterfaceOrientationLandscapeRight";
				LD_RUNPATH_SEARCH_PATHS = (
					"$(inherited)",
					"@executable_path/Frameworks",
				);
				MARKETING_VERSION = 1.0;
				PRODUCT_BUNDLE_IDENTIFIER = "org.phenoapps.fieldbook-ios";
				PRODUCT_NAME = "$(TARGET_NAME)";
				SWIFT_EMIT_LOC_STRINGS = YES;
				SWIFT_VERSION = 5.0;
				TARGETED_DEVICE_FAMILY = "1,2";
			};
			name = Release;
		};
		2268D5562735CDAB0088A202 /* Debug */ = {
			isa = XCBuildConfiguration;
			buildSettings = {
				ALWAYS_EMBED_SWIFT_STANDARD_LIBRARIES = YES;
				BUNDLE_LOADER = "$(TEST_HOST)";
				CODE_SIGN_STYLE = Automatic;
				CURRENT_PROJECT_VERSION = 1;
				GENERATE_INFOPLIST_FILE = YES;
				IPHONEOS_DEPLOYMENT_TARGET = 15.0;
				LD_RUNPATH_SEARCH_PATHS = (
					"$(inherited)",
					"@executable_path/Frameworks",
					"@loader_path/Frameworks",
				);
				MARKETING_VERSION = 1.0;
				PRODUCT_BUNDLE_IDENTIFIER = "org.phenoapps.fieldbook-iosTests";
				PRODUCT_NAME = "$(TARGET_NAME)";
				SWIFT_EMIT_LOC_STRINGS = NO;
				SWIFT_VERSION = 5.0;
				TARGETED_DEVICE_FAMILY = "1,2";
				TEST_HOST = "$(BUILT_PRODUCTS_DIR)/fieldbook-ios.app/fieldbook-ios";
			};
			name = Debug;
		};
		2268D5572735CDAB0088A202 /* Release */ = {
			isa = XCBuildConfiguration;
			buildSettings = {
				ALWAYS_EMBED_SWIFT_STANDARD_LIBRARIES = YES;
				BUNDLE_LOADER = "$(TEST_HOST)";
				CODE_SIGN_STYLE = Automatic;
				CURRENT_PROJECT_VERSION = 1;
				GENERATE_INFOPLIST_FILE = YES;
				IPHONEOS_DEPLOYMENT_TARGET = 15.0;
				LD_RUNPATH_SEARCH_PATHS = (
					"$(inherited)",
					"@executable_path/Frameworks",
					"@loader_path/Frameworks",
				);
				MARKETING_VERSION = 1.0;
				PRODUCT_BUNDLE_IDENTIFIER = "org.phenoapps.fieldbook-iosTests";
				PRODUCT_NAME = "$(TARGET_NAME)";
				SWIFT_EMIT_LOC_STRINGS = NO;
				SWIFT_VERSION = 5.0;
				TARGETED_DEVICE_FAMILY = "1,2";
				TEST_HOST = "$(BUILT_PRODUCTS_DIR)/fieldbook-ios.app/fieldbook-ios";
			};
			name = Release;
		};
		2268D5592735CDAB0088A202 /* Debug */ = {
			isa = XCBuildConfiguration;
			buildSettings = {
				ALWAYS_EMBED_SWIFT_STANDARD_LIBRARIES = YES;
				CODE_SIGN_STYLE = Automatic;
				CURRENT_PROJECT_VERSION = 1;
				GENERATE_INFOPLIST_FILE = YES;
				LD_RUNPATH_SEARCH_PATHS = (
					"$(inherited)",
					"@executable_path/Frameworks",
					"@loader_path/Frameworks",
				);
				MARKETING_VERSION = 1.0;
				PRODUCT_BUNDLE_IDENTIFIER = "org.phenoapps.fieldbook-iosUITests";
				PRODUCT_NAME = "$(TARGET_NAME)";
				SWIFT_EMIT_LOC_STRINGS = NO;
				SWIFT_VERSION = 5.0;
				TARGETED_DEVICE_FAMILY = "1,2";
				TEST_TARGET_NAME = "fieldbook-ios";
			};
			name = Debug;
		};
		2268D55A2735CDAB0088A202 /* Release */ = {
			isa = XCBuildConfiguration;
			buildSettings = {
				ALWAYS_EMBED_SWIFT_STANDARD_LIBRARIES = YES;
				CODE_SIGN_STYLE = Automatic;
				CURRENT_PROJECT_VERSION = 1;
				GENERATE_INFOPLIST_FILE = YES;
				LD_RUNPATH_SEARCH_PATHS = (
					"$(inherited)",
					"@executable_path/Frameworks",
					"@loader_path/Frameworks",
				);
				MARKETING_VERSION = 1.0;
				PRODUCT_BUNDLE_IDENTIFIER = "org.phenoapps.fieldbook-iosUITests";
				PRODUCT_NAME = "$(TARGET_NAME)";
				SWIFT_EMIT_LOC_STRINGS = NO;
				SWIFT_VERSION = 5.0;
				TARGETED_DEVICE_FAMILY = "1,2";
				TEST_TARGET_NAME = "fieldbook-ios";
			};
			name = Release;
		};
/* End XCBuildConfiguration section */

/* Begin XCConfigurationList section */
		2268D5292735CDAA0088A202 /* Build configuration list for PBXProject "fieldbook-ios" */ = {
			isa = XCConfigurationList;
			buildConfigurations = (
				2268D5502735CDAB0088A202 /* Debug */,
				2268D5512735CDAB0088A202 /* Release */,
			);
			defaultConfigurationIsVisible = 0;
			defaultConfigurationName = Release;
		};
		2268D5522735CDAB0088A202 /* Build configuration list for PBXNativeTarget "fieldbook-ios" */ = {
			isa = XCConfigurationList;
			buildConfigurations = (
				2268D5532735CDAB0088A202 /* Debug */,
				2268D5542735CDAB0088A202 /* Release */,
			);
			defaultConfigurationIsVisible = 0;
			defaultConfigurationName = Release;
		};
		2268D5552735CDAB0088A202 /* Build configuration list for PBXNativeTarget "fieldbook-iosTests" */ = {
			isa = XCConfigurationList;
			buildConfigurations = (
				2268D5562735CDAB0088A202 /* Debug */,
				2268D5572735CDAB0088A202 /* Release */,
			);
			defaultConfigurationIsVisible = 0;
			defaultConfigurationName = Release;
		};
		2268D5582735CDAB0088A202 /* Build configuration list for PBXNativeTarget "fieldbook-iosUITests" */ = {
			isa = XCConfigurationList;
			buildConfigurations = (
				2268D5592735CDAB0088A202 /* Debug */,
				2268D55A2735CDAB0088A202 /* Release */,
			);
			defaultConfigurationIsVisible = 0;
			defaultConfigurationName = Release;
		};
/* End XCConfigurationList section */

/* Begin XCRemoteSwiftPackageReference section */
		2297352A2735DAAA007D8104 /* XCRemoteSwiftPackageReference "Alamofire" */ = {
			isa = XCRemoteSwiftPackageReference;
			repositoryURL = "https://github.com/Alamofire/Alamofire.git";
			requirement = {
				kind = upToNextMajorVersion;
				minimumVersion = 5.0.0;
			};
		};
		22C8663D27476AC7001CB8B6 /* XCRemoteSwiftPackageReference "WrappingHStack" */ = {
			isa = XCRemoteSwiftPackageReference;
			repositoryURL = "https://github.com/dkk/WrappingHStack";
			requirement = {
				kind = upToNextMajorVersion;
				minimumVersion = 2.0.0;
			};
		};
/* End XCRemoteSwiftPackageReference section */

/* Begin XCSwiftPackageProductDependency section */
		2297352B2735DAAA007D8104 /* Alamofire */ = {
			isa = XCSwiftPackageProductDependency;
			package = 2297352A2735DAAA007D8104 /* XCRemoteSwiftPackageReference "Alamofire" */;
			productName = Alamofire;
		};
		22C8663E27476AC7001CB8B6 /* WrappingHStack */ = {
			isa = XCSwiftPackageProductDependency;
			package = 22C8663D27476AC7001CB8B6 /* XCRemoteSwiftPackageReference "WrappingHStack" */;
			productName = WrappingHStack;
		};
/* End XCSwiftPackageProductDependency section */
	};
	rootObject = 2268D5262735CDAA0088A202 /* Project object */;
}
